
Microsoft Visual Studio Solution File, Format Version 12.00
# Visual Studio Version 16
VisualStudioVersion = 16.0.32106.194
MinimumVisualStudioVersion = 10.0.40219.1
Project("{FAE04EC0-301F-11D3-BF4B-00C04F79EFBC}") = "Examen2SidneyAlvarez", "Examen2SidneyAlvarez\Examen2SidneyAlvarez.csproj", "{EE4C2AE0-60BC-49E5-87A6-1877E53D64FB}"
EndProject
Global
	GlobalSection(SolutionConfigurationPlatforms) = preSolution
		Debug|Any CPU = Debug|Any CPU
		Release|Any CPU = Release|Any CPU
	EndGlobalSection
	GlobalSection(ProjectConfigurationPlatforms) = postSolution
		{EE4C2AE0-60BC-49E5-87A6-1877E53D64FB}.Debug|Any CPU.ActiveCfg = Debug|Any CPU
		{EE4C2AE0-60BC-49E5-87A6-1877E53D64FB}.Debug|Any CPU.Build.0 = Debug|Any CPU
		{EE4C2AE0-60BC-49E5-87A6-1877E53D64FB}.Release|Any CPU.ActiveCfg = Release|Any CPU
		{EE4C2AE0-60BC-49E5-87A6-1877E53D64FB}.Release|Any CPU.Build.0 = Release|Any CPU
	EndGlobalSection
	GlobalSection(SolutionProperties) = preSolution
		HideSolutionNode = FALSE
	EndGlobalSection
	GlobalSection(ExtensibilityGlobals) = postSolution
		SolutionGuid = {76B84777-B137-4B3E-A428-F7A85A570DAE}
	EndGlobalSection
EndGlobal
